
Microsoft Visual Studio Solution File, Format Version 12.00
# Visual Studio 15
VisualStudioVersion = 15.0.28010.2019
MinimumVisualStudioVersion = 10.0.40219.1
Project("{FAE04EC0-301F-11D3-BF4B-00C04F79EFBC}") = "InfoWriter", "InfoWriter\InfoWriter.csproj", "{6B2B0ADB-FE05-4F10-8940-3D3AE870ABCE}"
EndProject
Project("{FAE04EC0-301F-11D3-BF4B-00C04F79EFBC}") = "InfoWriterLib", "InfoWriterLib\InfoWriterLib.csproj", "{7FEF14D9-A39B-458C-88BE-61FDC61F496F}"
EndProject
Project("{FAE04EC0-301F-11D3-BF4B-00C04F79EFBC}") = "InfoWriteLibTests", "InfoWriteLibTests\InfoWriteLibTests.csproj", "{C828FD5D-0D26-4E60-80E8-276286786FA6}"
EndProject
Global
	GlobalSection(SolutionConfigurationPlatforms) = preSolution
		Debug|Any CPU = Debug|Any CPU
		Release|Any CPU = Release|Any CPU
	EndGlobalSection
	GlobalSection(ProjectConfigurationPlatforms) = postSolution
		{6B2B0ADB-FE05-4F10-8940-3D3AE870ABCE}.Debug|Any CPU.ActiveCfg = Debug|Any CPU
		{6B2B0ADB-FE05-4F10-8940-3D3AE870ABCE}.Debug|Any CPU.Build.0 = Debug|Any CPU
		{6B2B0ADB-FE05-4F10-8940-3D3AE870ABCE}.Release|Any CPU.ActiveCfg = Release|Any CPU
		{6B2B0ADB-FE05-4F10-8940-3D3AE870ABCE}.Release|Any CPU.Build.0 = Release|Any CPU
		{7FEF14D9-A39B-458C-88BE-61FDC61F496F}.Debug|Any CPU.ActiveCfg = Debug|Any CPU
		{7FEF14D9-A39B-458C-88BE-61FDC61F496F}.Debug|Any CPU.Build.0 = Debug|Any CPU
		{7FEF14D9-A39B-458C-88BE-61FDC61F496F}.Release|Any CPU.ActiveCfg = Release|Any CPU
		{7FEF14D9-A39B-458C-88BE-61FDC61F496F}.Release|Any CPU.Build.0 = Release|Any CPU
		{C828FD5D-0D26-4E60-80E8-276286786FA6}.Debug|Any CPU.ActiveCfg = Debug|Any CPU
		{C828FD5D-0D26-4E60-80E8-276286786FA6}.Debug|Any CPU.Build.0 = Debug|Any CPU
		{C828FD5D-0D26-4E60-80E8-276286786FA6}.Release|Any CPU.ActiveCfg = Release|Any CPU
		{C828FD5D-0D26-4E60-80E8-276286786FA6}.Release|Any CPU.Build.0 = Release|Any CPU
	EndGlobalSection
	GlobalSection(SolutionProperties) = preSolution
		HideSolutionNode = FALSE
	EndGlobalSection
	GlobalSection(ExtensibilityGlobals) = postSolution
		SolutionGuid = {24049769-EC33-4601-A34F-D88CD8579922}
	EndGlobalSection
EndGlobal
